
Microsoft Visual Studio Solution File, Format Version 12.00
# Visual Studio Version 17
VisualStudioVersion = 17.7.34031.279
MinimumVisualStudioVersion = 10.0.40219.1
Project("{FAE04EC0-301F-11D3-BF4B-00C04F79EFBC}") = "ConsoleAppEncryption", "ConsoleAppEncryption\ConsoleAppEncryption.csproj", "{39FD19F5-C72C-48AF-B35E-19B28324F96A}"
EndProject
Global
	GlobalSection(SolutionConfigurationPlatforms) = preSolution
		Debug|Any CPU = Debug|Any CPU
		Release|Any CPU = Release|Any CPU
	EndGlobalSection
	GlobalSection(ProjectConfigurationPlatforms) = postSolution
		{39FD19F5-C72C-48AF-B35E-19B28324F96A}.Debug|Any CPU.ActiveCfg = Debug|Any CPU
		{39FD19F5-C72C-48AF-B35E-19B28324F96A}.Debug|Any CPU.Build.0 = Debug|Any CPU
		{39FD19F5-C72C-48AF-B35E-19B28324F96A}.Release|Any CPU.ActiveCfg = Release|Any CPU
		{39FD19F5-C72C-48AF-B35E-19B28324F96A}.Release|Any CPU.Build.0 = Release|Any CPU
	EndGlobalSection
	GlobalSection(SolutionProperties) = preSolution
		HideSolutionNode = FALSE
	EndGlobalSection
	GlobalSection(ExtensibilityGlobals) = postSolution
		SolutionGuid = {01133A87-FCD2-403D-B4F7-C4C2EB620F16}
	EndGlobalSection
EndGlobal
